
Microsoft Visual Studio Solution File, Format Version 12.00
# Visual Studio Version 16
VisualStudioVersion = 16.0.32930.78
MinimumVisualStudioVersion = 10.0.40219.1
Project("{FAE04EC0-301F-11D3-BF4B-00C04F79EFBC}") = "QLDoanvien", "QLDoanvien\QLDoanvien.csproj", "{D44B90B0-75CC-4F71-9805-A6712C720519}"
EndProject
Global
	GlobalSection(SolutionConfigurationPlatforms) = preSolution
		Debug|Any CPU = Debug|Any CPU
		Release|Any CPU = Release|Any CPU
	EndGlobalSection
	GlobalSection(ProjectConfigurationPlatforms) = postSolution
		{D44B90B0-75CC-4F71-9805-A6712C720519}.Debug|Any CPU.ActiveCfg = Debug|Any CPU
		{D44B90B0-75CC-4F71-9805-A6712C720519}.Debug|Any CPU.Build.0 = Debug|Any CPU
		{D44B90B0-75CC-4F71-9805-A6712C720519}.Release|Any CPU.ActiveCfg = Release|Any CPU
		{D44B90B0-75CC-4F71-9805-A6712C720519}.Release|Any CPU.Build.0 = Release|Any CPU
	EndGlobalSection
	GlobalSection(SolutionProperties) = preSolution
		HideSolutionNode = FALSE
	EndGlobalSection
	GlobalSection(ExtensibilityGlobals) = postSolution
		SolutionGuid = {55BE8D62-D8B3-4AFD-9B9F-AF447AEB4491}
	EndGlobalSection
EndGlobal
